#MicroXplorer Configuration settings - do not modify
PB13.GPIOParameters=GPIO_Label
Dma.SPI1_TX.0.PeriphInc=DMA_PINC_DISABLE
SPI1.VirtualType=VM_MASTER
PB10.Mode=I2C
RCC.PLLCLKFreq_Value=180000000
PC12.Signal=I2C2_SDA
PB14.GPIO_Label=DRV8835_PWM_A
RCC.PLLQCLKFreq_Value=51428571.428571425
PA14.GPIO_Label=SWCLK
PC6.GPIO_Label=DRV8835_DIR_B
PC3.Locked=true
PA3.GPIOParameters=GPIO_Label
PB6.GPIO_Label=ENC_R_B
PA6.GPIO_Label=ENC_L_B
PD2.GPIOParameters=GPIO_Label,GPIO_ModeDefaultOutputPP
USART1.IPParameters=VirtualMode
PB13.Signal=GPIO_Output
RCC.SAIAFreq_Value=96000000
PA2.GPIOParameters=GPIO_Label
PC15-OSC32_OUT.GPIO_Label=LED_5
PinOutPanel.RotationAngle=0
RCC.SYSCLKSource=RCC_SYSCLKSOURCE_PLLCLK
RCC.PLLSource=RCC_PLLSOURCE_HSI
NVIC.SVCall_IRQn=true\:0\:0\:false\:false\:true\:false\:false
SH.S_TIM3_CH2.ConfNb=1
PC13.GPIO_ModeDefaultOutputPP=GPIO_MODE_OUTPUT_PP
PA15.GPIO_ModeDefaultEXTI=GPIO_MODE_IT_RISING_FALLING
SPI1.Direction=SPI_DIRECTION_2LINES
RCC.APB2TimFreq_Value=180000000
PB6.Signal=S_TIM4_CH1
SPI1.CalculateBaudRate=5.625 MBits/s
PC3.Signal=GPIO_Output
PB13.Locked=true
NVIC.EXTI15_10_IRQn=true\:0\:0\:false\:false\:true\:true\:true
ProjectManager.ProjectBuild=false
NVIC.UsageFault_IRQn=true\:0\:0\:false\:false\:true\:false\:false
NVIC.TIM8_TRG_COM_TIM14_IRQn=true\:0\:0\:false\:false\:true\:true\:true
PB2.Signal=GPIO_Output
PB3.Mode=Trace_Asynchronous_SW
PA4.Locked=true
TIM12.Period=999
PB12.GPIO_Label=DRV8835_EN
ProjectManager.FirmwarePackage=STM32Cube FW_F4 V1.25.2
MxDb.Version=DB.6.0.10
PB0.GPIOParameters=GPIO_Label
ProjectManager.BackupPrevious=false
SH.S_TIM12_CH1.0=TIM12_CH1,PWM Generation1 CH1
PC4.GPIO_Label=VC53L0x_XSHUT_LEFT
PB1.GPIO_Label=RN4871_NRESET
SPI1.DataSize=SPI_DATASIZE_8BIT
SH.ADCx_IN8.0=ADC1_IN8,IN8
PC9.Mode=I2C
SH.S_TIM4_CH2.0=TIM4_CH2,Encoder_Interface
PA8.Signal=I2C3_SCL
RCC.PLLRCLKFreq_Value=180000000
SH.GPXTI11.ConfNb=1
NVIC.PendSV_IRQn=true\:0\:0\:false\:false\:true\:false\:false
TIM4.Period=65535
RCC.PLLI2SoutputFreq_Value=96000000
ProjectManager.HalAssertFull=false
ADC1.SamplingTime-0\#ChannelRegularConversion=ADC_SAMPLETIME_480CYCLES
TIM9.Prescaler=0
Dma.SPI1_TX.0.Mode=DMA_CIRCULAR
RCC.MCO2PinFreq_Value=180000000
Mcu.Package=LQFP64
PB9.Signal=I2C1_SDA
PB1.Signal=GPIO_Output
SH.GPXTI11.0=GPIO_EXTI11
RCC.I2S2Freq_Value=96000000
VP_SYS_VS_Systick.Signal=SYS_VS_Systick
PA10.Signal=USART1_RX
PB14.GPIOParameters=GPIO_Label
SH.S_TIM12_CH2.0=TIM12_CH2,PWM Generation2 CH2
RCC.APB2CLKDivider=RCC_HCLK_DIV2
SH.S_TIM4_CH1.0=TIM4_CH1,Encoder_Interface
RCC.CECFreq_Value=32786.88524590164
RCC.APB1TimFreq_Value=180000000
NVIC.BusFault_IRQn=true\:0\:0\:false\:false\:true\:false\:false
USB_OTG_FS.IPParameters=VirtualMode
PB10.GPIOParameters=GPIO_Label
VP_TIM14_VS_ClockSourceINT.Mode=Enable_Timer
PC15-OSC32_OUT.GPIOParameters=GPIO_Label
TIM14.IPParameters=Prescaler,Period
NVIC.USART1_IRQn=true\:0\:0\:false\:false\:true\:true\:true
PA4.GPIO_Label=VC53L0x_XSHUT_FRONT_LEFT
ProjectManager.CustomerFirmwarePackage=
PC4.GPIOParameters=GPIO_Label,GPIO_ModeDefaultOutputPP
TIM9.Period=999
RCC.PLLSAIQCLKFreq_Value=96000000
PA5.Mode=TX_Only_Simplex_Unidirect_Master
TIM9.Channel-PWM\ Generation2\ CH2=TIM_CHANNEL_2
PA6.GPIOParameters=GPIO_Label
SH.GPXTI10.0=GPIO_EXTI10
SH.S_TIM4_CH1.ConfNb=1
TIM9.Channel-PWM\ Generation1\ CH1=TIM_CHANNEL_1
ProjectManager.ProjectFileName=synermycha-firmware.ioc
ADC1.Rank-0\#ChannelRegularConversion=1
PA15.GPIOParameters=GPIO_Label,GPIO_ModeDefaultEXTI
Mcu.PinsNb=47
PC11.Locked=true
ADC1.IPParameters=Rank-0\#ChannelRegularConversion,master,Channel-0\#ChannelRegularConversion,SamplingTime-0\#ChannelRegularConversion,NbrOfConversionFlag
PC13.Locked=true
PC13.Signal=GPIO_Output
PA9.GPIO_Label=RN4871_RX
PC2.Signal=GPIO_Output
PC6.Signal=GPIO_Output
PA11.GPIO_Label=STM32_D-
TIM4.IC2Filter=15
PC0.Signal=GPIO_Output
RCC.APB1CLKDivider=RCC_HCLK_DIV4
PC14-OSC32_IN.Signal=GPIO_Output
PC11.GPIOParameters=GPIO_Label,GPIO_ModeDefaultEXTI
PC3.GPIOParameters=GPIO_Label
PB8.GPIO_Label=VL53L0x_SCL
Dma.SPI1_TX.0.FIFOMode=DMA_FIFOMODE_DISABLE
PA15.Locked=true
PA8.GPIO_Label=IMU_SCL
PC15-OSC32_OUT.Locked=true
Dma.SPI1_TX.0.RequestParameters=Instance,Direction,PeriphInc,MemInc,PeriphDataAlignment,MemDataAlignment,Mode,Priority,FIFOMode
TIM3.IC2Filter=15
TIM4.IPParameters=EncoderMode,IC1Filter,IC2Filter,Period
SH.S_TIM9_CH2.0=TIM9_CH2,PWM Generation2 CH2
I2C1.I2C_Mode=I2C_Fast
PC6.Locked=true
PA9.Signal=USART1_TX
PB5.Locked=true
Mcu.Pin46=VP_USB_DEVICE_VS_USB_DEVICE_CDC_FS
PB10.Signal=I2C2_SCL
TIM12.Prescaler=0
PB14.Signal=S_TIM12_CH1
RCC.USBCLockSelection=RCC_CLK48CLKSOURCE_PLLSAIP
PA5.Signal=SPI1_SCK
Mcu.Pin40=PB7
Mcu.Pin41=PB8
TIM3.IC1Filter=15
PC12.Mode=I2C
Mcu.Pin44=VP_TIM12_VS_ClockSourceINT
Mcu.Pin45=VP_TIM14_VS_ClockSourceINT
Mcu.Pin42=PB9
Mcu.Pin43=VP_SYS_VS_Systick
ProjectManager.LastFirmware=true
SH.S_TIM12_CH1.ConfNb=1
Mcu.Pin37=PB3
PC11.GPIO_ModeDefaultEXTI=GPIO_MODE_IT_RISING_FALLING
Mcu.Pin38=PB5
PB15.GPIO_Label=DRV8835_PWM_B
Mcu.Pin35=PC12
Mcu.Pin36=PD2
RCC.PLLI2SPCLKFreq_Value=96000000
SPI1.Mode=SPI_MODE_MASTER
Mcu.Pin39=PB6
VP_TIM12_VS_ClockSourceINT.Signal=TIM12_VS_ClockSourceINT
PC2.GPIOParameters=GPIO_Label
Mcu.Pin30=PA13
SH.S_TIM9_CH1.0=TIM9_CH1,PWM Generation1 CH1
Mcu.Pin33=PC10
TIM3.IPParameters=EncoderMode,IC1Filter,IC2Filter,Period
Mcu.Pin34=PC11
Mcu.Pin31=PA14
Mcu.Pin32=PA15
Dma.SPI1_TX.0.Instance=DMA2_Stream3
PA9.Locked=true
NVIC.NonMaskableInt_IRQn=true\:0\:0\:false\:false\:true\:false\:false
PC10.GPIOParameters=GPIO_Label,GPIO_ModeDefaultEXTI
PA13.Mode=Trace_Asynchronous_SW
ProjectManager.FreePins=false
PC9.GPIOParameters=GPIO_Label
RCC.PLLI2SQCLKFreq_Value=96000000
Mcu.Pin26=PA9
Mcu.Pin27=PA10
TIM14.Prescaler=17999
Mcu.Pin24=PC9
ProjectManager.UnderRoot=false
Mcu.Pin25=PA8
Mcu.Pin28=PA11
Mcu.Pin29=PA12
PA4.Signal=GPIO_Output
Mcu.Pin22=PB15
PB5.Signal=SPI1_MOSI
Mcu.Pin23=PC6
Mcu.Pin20=PB13
ADC1.master=1
PA3.Locked=true
Mcu.Pin21=PB14
PA10.Locked=true
NVIC.ForceEnableDMAVector=true
PA14.GPIOParameters=GPIO_Label
NVIC.MemoryManagement_IRQn=true\:0\:0\:false\:false\:true\:false\:false
PC12.GPIO_Label=LCD_SDA
USART1.VirtualMode=VM_ASYNC
ProjectManager.CompilerOptimize=6
PA11.Signal=USB_OTG_FS_DM
ProjectManager.HeapSize=0x200
Mcu.Pin15=PB0
NVIC.HardFault_IRQn=true\:0\:0\:false\:false\:true\:false\:false
Mcu.Pin16=PB1
Mcu.Pin13=PC4
Mcu.Pin14=PC5
Mcu.Pin19=PB12
SH.S_TIM3_CH1.ConfNb=1
SH.GPXTI15.ConfNb=1
ProjectManager.ComputerToolchain=false
Mcu.Pin17=PB2
Mcu.Pin18=PB10
NVIC.PriorityGroup=NVIC_PRIORITYGROUP_4
Mcu.Pin11=PA6
Mcu.Pin12=PA7
PB8.Mode=I2C
Mcu.Pin10=PA5
SH.GPXTI10.ConfNb=1
PC3.GPIO_Label=LED_1
RCC.PWRFreq_Value=180000000
PA8.Mode=I2C
PD2.Signal=GPIO_Output
PB0.Signal=ADCx_IN8
PA7.GPIOParameters=GPIO_Label
PC0.Locked=true
TIM12.IPParameters=Channel-PWM Generation2 CH2,Channel-PWM Generation1 CH1,Period,Prescaler,AutoReloadPreload
PC1.Signal=GPIO_Output
PB12.GPIOParameters=GPIO_Label
PD2.GPIO_Label=VC53L0x_XSHUT_RIGHT
Mcu.Family=STM32F4
ProjectManager.MainLocation=Src
I2C2.IPParameters=I2C_Mode
SH.S_TIM4_CH2.ConfNb=1
Dma.SPI1_TX.0.MemInc=DMA_MINC_ENABLE
USB_DEVICE.CLASS_NAME_FS=CDC
RCC.CortexFreq_Value=180000000
PD2.GPIO_ModeDefaultOutputPP=GPIO_MODE_OUTPUT_PP
ProjectManager.KeepUserCode=true
Mcu.UserName=STM32F446RETx
PC10.Locked=true
TIM12.Channel-PWM\ Generation2\ CH2=TIM_CHANNEL_2
PC10.Signal=GPXTI10
TIM4.EncoderMode=TIM_ENCODERMODE_TI12
PC5.Locked=true
PA12.GPIOParameters=GPIO_Label
TIM3.EncoderMode=TIM_ENCODERMODE_TI12
ProjectManager.functionlistsort=1-MX_GPIO_Init-GPIO-false-HAL-true,2-MX_DMA_Init-DMA-false-HAL-true,3-SystemClock_Config-RCC-false-HAL-false,4-MX_ADC1_Init-ADC1-false-HAL-true,5-MX_I2C1_Init-I2C1-false-HAL-true,6-MX_I2C2_Init-I2C2-false-HAL-true,7-MX_I2C3_Init-I2C3-false-HAL-true,8-MX_TIM3_Init-TIM3-false-HAL-true,9-MX_TIM4_Init-TIM4-false-HAL-true,10-MX_TIM9_Init-TIM9-false-HAL-true,11-MX_TIM12_Init-TIM12-false-HAL-true,12-MX_USART1_UART_Init-USART1-false-HAL-true,13-MX_USB_DEVICE_Init-USB_DEVICE-false-HAL-false,14-MX_SPI1_Init-SPI1-false-HAL-true,15-MX_TIM14_Init-TIM14-false-HAL-true
PC0.GPIOParameters=GPIO_Label
PA9.GPIOParameters=GPIO_Label
PA11.GPIOParameters=GPIO_Label
PC0.GPIO_Label=LED_4
PA11.Mode=Device_Only
PB0.GPIO_Label=BATT_VOLTAGE
RCC.PLLI2SRCLKFreq_Value=96000000
USB_DEVICE.VirtualMode-CDC_FS=Cdc
PD2.Locked=true
PC13.GPIO_Label=VC53L0x_XSHUT_FRONT_RIGHT
PC1.Locked=true
PB13.GPIO_Label=DRV8835_DIR_A
PB15.Signal=S_TIM12_CH2
ProjectManager.StackSize=0x400
Mcu.IP4=I2C3
Mcu.IP5=NVIC
RCC.FCLKCortexFreq_Value=180000000
I2C1.IPParameters=I2C_Mode
Mcu.IP2=I2C1
TIM12.AutoReloadPreload=TIM_AUTORELOAD_PRELOAD_ENABLE
Mcu.IP3=I2C2
PA15.GPIO_Label=BUTTON_DOWN
Mcu.IP0=ADC1
Mcu.IP1=DMA
PA12.Signal=USB_OTG_FS_DP
Mcu.UserConstants=
PC1.GPIOParameters=GPIO_Label
Mcu.ThirdPartyNb=0
RCC.SDIOFreq_Value=48000000
RCC.HCLKFreq_Value=180000000
Mcu.IPNb=17
ProjectManager.PreviousToolchain=TrueSTUDIO
TIM3.Period=65535
RCC.SPDIFRXFreq_Value=180000000
PA8.GPIOParameters=GPIO_Label
Mcu.Pin6=PC3
Mcu.Pin7=PA2
Mcu.Pin8=PA3
Mcu.Pin9=PA4
RCC.VCOSAIOutputFreq_Value=192000000
RCC.AHBFreq_Value=180000000
Mcu.Pin0=PC13
Mcu.Pin1=PC14-OSC32_IN
GPIO.groupedBy=Group By Peripherals
Mcu.Pin2=PC15-OSC32_OUT
Mcu.Pin3=PC0
Mcu.Pin4=PC1
Mcu.Pin5=PC2
ADC1.Channel-0\#ChannelRegularConversion=ADC_CHANNEL_8
RCC.HSE_VALUE=16000000
NVIC.DebugMonitor_IRQn=true\:0\:0\:false\:false\:true\:false\:false
Mcu.IP10=TIM4
TIM14.Period=4999
NVIC.SysTick_IRQn=true\:0\:0\:false\:false\:true\:false\:true
Mcu.IP12=TIM12
Mcu.IP11=TIM9
PC10.GPIO_ModeDefaultEXTI=GPIO_MODE_IT_RISING_FALLING
SH.S_TIM12_CH2.ConfNb=1
Mcu.IP14=USART1
Mcu.IP13=TIM14
Mcu.IP16=USB_OTG_FS
Mcu.IP15=USB_DEVICE
RCC.VCOInputFreq_Value=2000000
PA14.Mode=Trace_Asynchronous_SW
PB5.Mode=TX_Only_Simplex_Unidirect_Master
PC11.GPIO_Label=BUTTON_OK
File.Version=6
PA10.GPIO_Label=RN4871_TX
PB3.GPIOParameters=GPIO_Label
PB7.Signal=S_TIM4_CH2
VP_TIM12_VS_ClockSourceINT.Mode=Internal
SH.S_TIM3_CH1.0=TIM3_CH1,Encoder_Interface
Dma.RequestsNb=1
PB6.GPIOParameters=GPIO_Label
PB0.Locked=true
PC14-OSC32_IN.GPIOParameters=GPIO_Label,GPIO_ModeDefaultOutputPP
ProjectManager.ProjectName=synermycha-firmware
PA13.GPIOParameters=GPIO_Label
PB7.GPIO_Label=ENC_R_A
PA6.Signal=S_TIM3_CH1
NVIC.OTG_FS_IRQn=true\:0\:0\:false\:false\:true\:false\:true
ProjectManager.ToolChainLocation=
PA2.GPIO_Label=LED_MOUSE_EYE
USB_OTG_FS.VirtualMode=Device_Only
PA15.Signal=GPXTI15
VP_USB_DEVICE_VS_USB_DEVICE_CDC_FS.Signal=USB_DEVICE_VS_USB_DEVICE_CDC_FS
TIM4.IC1Filter=15
PA4.GPIO_ModeDefaultOutputPP=GPIO_MODE_OUTPUT_PP
RCC.PLLSAIN=96
RCC.PLLSAIM=8
RCC.PLLSAIP=RCC_PLLSAIP_DIV4
PC14-OSC32_IN.GPIO_ModeDefaultOutputPP=GPIO_MODE_OUTPUT_PP
PC4.Locked=true
SH.S_TIM9_CH2.ConfNb=1
PC14-OSC32_IN.GPIO_Label=VC53L0x_XSHUT_FRONT
PC5.Signal=GPIO_Output
PC4.GPIO_ModeDefaultOutputPP=GPIO_MODE_OUTPUT_PP
RCC.SAIBFreq_Value=96000000
Dma.Request0=SPI1_TX
SPI1.BaudRatePrescaler=SPI_BAUDRATEPRESCALER_16
I2C2.I2C_Mode=I2C_Fast
PC2.GPIO_Label=LED_2
TIM9.IPParameters=Channel-PWM Generation2 CH2,Channel-PWM Generation1 CH1,Prescaler,Period
PC14-OSC32_IN.Locked=true
PA3.Signal=S_TIM9_CH2
PB3.GPIO_Label=SWO
RCC.PLLSourceVirtual=RCC_PLLSOURCE_HSI
PB8.GPIOParameters=GPIO_Label
PB9.GPIO_Label=VL53L0x_SDA
PC10.GPIO_Label=BUTTON_UP
PA10.Mode=Asynchronous
VP_TIM14_VS_ClockSourceINT.Signal=TIM14_VS_ClockSourceINT
PC9.GPIO_Label=IMU_SDA
ProjectManager.NoMain=false
SPI1.IPParameters=VirtualType,Mode,Direction,CalculateBaudRate,BaudRatePrescaler,DataSize
USB_DEVICE.VirtualModeFS=Cdc_FS
PC11.Signal=GPXTI11
RCC.FMPI2C1Freq_Value=45000000
RCC.RCC_TIM_PRescaler_Selection=RCC_TIMPRES_ACTIVATED
RCC.VCOI2SInputFreq_Value=1000000
PC4.Signal=GPIO_Output
ProjectManager.DefaultFWLocation=true
PB12.Locked=true
ProjectManager.DeletePrevious=true
USB_DEVICE.IPParameters=VirtualMode-CDC_FS,VirtualModeFS,CLASS_NAME_FS
PA12.GPIO_Label=STM32_D+
RCC.FamilyName=M
PB9.GPIOParameters=GPIO_Label
PC12.GPIOParameters=GPIO_Label
PA13.Signal=SYS_JTMS-SWDIO
PA9.Mode=Asynchronous
PA4.PinState=GPIO_PIN_RESET
ProjectManager.TargetToolchain=Makefile
PB10.GPIO_Label=LCD_SCL
PB7.GPIOParameters=GPIO_Label
Dma.SPI1_TX.0.PeriphDataAlignment=DMA_PDATAALIGN_BYTE
Dma.SPI1_TX.0.Direction=DMA_MEMORY_TO_PERIPH
VP_USB_DEVICE_VS_USB_DEVICE_CDC_FS.Mode=CDC_FS
PC5.GPIOParameters=GPIO_Label
PB9.Mode=I2C
PB2.GPIOParameters=GPIO_Label
RCC.I2S1Freq_Value=96000000
PC2.Locked=true
ProjectManager.RegisterCallBack=
RCC.USBFreq_Value=48000000
NVIC.DMA2_Stream3_IRQn=true\:0\:0\:false\:false\:true\:false\:true
RCC.PLLSAIoutputFreq_Value=48000000
PC15-OSC32_OUT.Signal=GPIO_Output
PB1.Locked=true
RCC.VCOI2SOutputFreq_Value=192000000
SH.S_TIM3_CH2.0=TIM3_CH2,Encoder_Interface
RCC.PLLSAIPCLKFreq_Value=48000000
board=custom
RCC.VCOOutputFreq_Value=360000000
TIM12.Channel-PWM\ Generation1\ CH1=TIM_CHANNEL_1
RCC.APB2Freq_Value=90000000
MxCube.Version=6.1.1
PC13.GPIOParameters=GPIO_Label,GPIO_ModeDefaultOutputPP
PC1.GPIO_Label=LED_3
PA10.GPIOParameters=GPIO_Label
VP_SYS_VS_Systick.Mode=SysTick
PA4.GPIOParameters=PinState,GPIO_Label,GPIO_ModeDefaultOutputPP
SH.S_TIM9_CH1.ConfNb=1
SH.ADCx_IN8.ConfNb=1
PB15.GPIOParameters=GPIO_Label
RCC.IPParameters=AHBFreq_Value,APB1CLKDivider,APB1Freq_Value,APB1TimFreq_Value,APB2CLKDivider,APB2Freq_Value,APB2TimFreq_Value,CECFreq_Value,CortexFreq_Value,FCLKCortexFreq_Value,FMPI2C1Freq_Value,FamilyName,HCLKFreq_Value,HSE_VALUE,I2S1Freq_Value,I2S2Freq_Value,MCO2PinFreq_Value,PLLCLKFreq_Value,PLLI2SPCLKFreq_Value,PLLI2SQCLKFreq_Value,PLLI2SRCLKFreq_Value,PLLI2SoutputFreq_Value,PLLM,PLLN,PLLQ,PLLQCLKFreq_Value,PLLRCLKFreq_Value,PLLSAIM,PLLSAIN,PLLSAIP,PLLSAIPCLKFreq_Value,PLLSAIQCLKFreq_Value,PLLSAIoutputFreq_Value,PLLSource,PLLSourceVirtual,PWRFreq_Value,RCC_TIM_PRescaler_Selection,SAIAFreq_Value,SAIBFreq_Value,SDIOFreq_Value,SPDIFRXFreq_Value,SYSCLKFreq_VALUE,SYSCLKSource,USBCLockSelection,USBFreq_Value,VCOI2SInputFreq_Value,VCOI2SOutputFreq_Value,VCOInputFreq_Value,VCOOutputFreq_Value,VCOSAIInputFreq_Value,VCOSAIOutputFreq_Value
ProjectManager.AskForMigrate=true
Mcu.Name=STM32F446R(C-E)Tx
PA2.Signal=S_TIM9_CH1
PA13.GPIO_Label=SWDIO
PB2.Locked=true
Mcu.IP8=SYS
Mcu.IP9=TIM3
Mcu.IP6=RCC
RCC.VCOSAIInputFreq_Value=2000000
Mcu.IP7=SPI1
ProjectManager.CoupleFile=true
PB3.Signal=SYS_JTDO-SWO
RCC.SYSCLKFreq_VALUE=180000000
PA7.GPIO_Label=ENC_L_A
PA12.Mode=Device_Only
KeepUserPlacement=true
PC5.GPIO_Label=RN4871_NON
PA14.Signal=SYS_JTCK-SWCLK
PB2.GPIO_Label=RN4871_NFLASH_MODE
Dma.SPI1_TX.0.Priority=DMA_PRIORITY_HIGH
Dma.SPI1_TX.0.MemDataAlignment=DMA_MDATAALIGN_BYTE
PC6.GPIOParameters=GPIO_Label
RCC.PLLQ=7
ADC1.NbrOfConversionFlag=1
SH.GPXTI15.0=GPIO_EXTI15
RCC.PLLM=8
RCC.PLLN=180
PB8.Signal=I2C1_SCL
PC9.Signal=I2C3_SDA
RCC.APB1Freq_Value=45000000
ProjectManager.DeviceId=STM32F446RETx
PB12.Signal=GPIO_Output
ProjectManager.LibraryCopy=1
PA3.GPIO_Label=BUZZER
PB1.GPIOParameters=GPIO_Label
PA7.Signal=S_TIM3_CH2
